{
  "requires": true,
  "lockfileVersion": 1,
  "dependencies": {
    "@types/three": {
      "version": "0.91.12",
      "resolved": "https://registry.npmjs.org/@types/three/-/three-0.91.12.tgz",
      "integrity": "sha512-BIuSG40S7zihWsK2rRXEcbuCnuW1U0dqr39kyIDLI7DXJlBpAobi3A4v//jE2KeRPahUf50BGa5Hiy4WXHAmcQ==",
      "requires": {
        "@types/webvr-api": "0.0.34"
      }
    },
    "@types/webvr-api": {
      "version": "0.0.34",
      "resolved": "https://registry.npmjs.org/@types/webvr-api/-/webvr-api-0.0.34.tgz",
      "integrity": "sha512-gVAPKK+L1blPJCFnUDmkIdRfIU8xbwl05MDXPRjnjoeDXUUzR6frPuyx9RQz+OCodmxlBcJOkjVTMTZi1BcuZw=="
    }
  }
}
